Microsoft Visual Studio Solution File, Format Version 12.00
# Visual Studio Version 17
VisualStudioVersion = 17.11.35312.102
MinimumVisualStudioVersion = 10.0.40219.1
Project("{FAE04EC0-301F-11D3-BF4B-00C04F79EFBC}") = "EcoImpacto.API", "EcoImpacto.API\EcoImpacto.API.csproj", "{14966A46-4C5E-4C7B-86BF-CC572346FC0E}"
EndProject
Project("{FAE04EC0-301F-11D3-BF4B-00C04F79EFBC}") = "EcoImpacto.Tests", "Tests\EcoImpacto.Tests.csproj", "{NEW-GUID-HERE}"
EndProject
Global
	GlobalSection(SolutionConfigurationPlatforms) = preSolution
		Debug|Any CPU = Debug|Any CPU
		Release|Any CPU = Release|Any CPU
	EndGlobalSection
	GlobalSection(ProjectConfigurationPlatforms) = postSolution
		{14966A46-4C5E-4C7B-86BF-CC572346FC0E}.Debug|Any CPU.ActiveCfg = Debug|Any CPU
		{14966A46-4C5E-4C7B-86BF-CC572346FC0E}.Debug|Any CPU.Build.0 = Debug|Any CPU
		{14966A46-4C5E-4C7B-86BF-CC572346FC0E}.Release|Any CPU.ActiveCfg = Release|Any CPU
		{14966A46-4C5E-4C7B-86BF-CC572346FC0E}.Release|Any CPU.Build.0 = Release|Any CPU
		{NEW-GUID-HERE}.Debug|Any CPU.ActiveCfg = Debug|Any CPU
		{NEW-GUID-HERE}.Debug|Any CPU.Build.0 = Debug|Any CPU
		{NEW-GUID-HERE}.Release|Any CPU.ActiveCfg = Release|Any CPU
		{NEW-GUID-HERE}.Release|Any CPU.Build.0 = Release|Any CPU
	EndGlobalSection
	GlobalSection(SolutionProperties) = preSolution
		HideSolutionNode = FALSE
	EndGlobalSection
	GlobalSection(ExtensibilityGlobals) = postSolution
		SolutionGuid = {513CB539-1EE1-4F64-AD12-C1DB5AD2E901}
	EndGlobalSection
EndGlobal
